
Microsoft Visual Studio Solution File, Format Version 12.00
# Visual Studio Version 17
VisualStudioVersion = 17.5.33502.453
MinimumVisualStudioVersion = 10.0.40219.1
Project("{9A19103F-16F7-4668-BE54-9A1E7A4F7556}") = "geptermiZH_Covid", "geptermiZH_Covid\geptermiZH_Covid.csproj", "{DCCD2FC4-9742-43AC-AD5F-65160CDD2E43}"
EndProject
Project("{FAE04EC0-301F-11D3-BF4B-00C04F79EFBC}") = "jeles", "jeles\jeles.csproj", "{0F41AF16-FD98-4A45-BF94-423A17FB8B06}"
EndProject
Project("{FAE04EC0-301F-11D3-BF4B-00C04F79EFBC}") = "jeles2", "jeles2\jeles2.csproj", "{2705F6D5-A5C4-4A14-8AFA-057099E3D9EF}"
EndProject
Global
	GlobalSection(SolutionConfigurationPlatforms) = preSolution
		Debug|Any CPU = Debug|Any CPU
		Release|Any CPU = Release|Any CPU
	EndGlobalSection
	GlobalSection(ProjectConfigurationPlatforms) = postSolution
		{DCCD2FC4-9742-43AC-AD5F-65160CDD2E43}.Debug|Any CPU.ActiveCfg = Debug|Any CPU
		{DCCD2FC4-9742-43AC-AD5F-65160CDD2E43}.Debug|Any CPU.Build.0 = Debug|Any CPU
		{DCCD2FC4-9742-43AC-AD5F-65160CDD2E43}.Release|Any CPU.ActiveCfg = Release|Any CPU
		{DCCD2FC4-9742-43AC-AD5F-65160CDD2E43}.Release|Any CPU.Build.0 = Release|Any CPU
		{0F41AF16-FD98-4A45-BF94-423A17FB8B06}.Debug|Any CPU.ActiveCfg = Debug|Any CPU
		{0F41AF16-FD98-4A45-BF94-423A17FB8B06}.Debug|Any CPU.Build.0 = Debug|Any CPU
		{0F41AF16-FD98-4A45-BF94-423A17FB8B06}.Release|Any CPU.ActiveCfg = Release|Any CPU
		{0F41AF16-FD98-4A45-BF94-423A17FB8B06}.Release|Any CPU.Build.0 = Release|Any CPU
		{2705F6D5-A5C4-4A14-8AFA-057099E3D9EF}.Debug|Any CPU.ActiveCfg = Debug|Any CPU
		{2705F6D5-A5C4-4A14-8AFA-057099E3D9EF}.Debug|Any CPU.Build.0 = Debug|Any CPU
		{2705F6D5-A5C4-4A14-8AFA-057099E3D9EF}.Release|Any CPU.ActiveCfg = Release|Any CPU
		{2705F6D5-A5C4-4A14-8AFA-057099E3D9EF}.Release|Any CPU.Build.0 = Release|Any CPU
	EndGlobalSection
	GlobalSection(SolutionProperties) = preSolution
		HideSolutionNode = FALSE
	EndGlobalSection
	GlobalSection(ExtensibilityGlobals) = postSolution
		SolutionGuid = {DF8C5B0E-68E3-4D95-9C7E-163BD3A47FE9}
	EndGlobalSection
EndGlobal
