
Microsoft Visual Studio Solution File, Format Version 12.00
# Visual Studio Version 17
VisualStudioVersion = 17.4.33403.182
MinimumVisualStudioVersion = 10.0.40219.1
Project("{FAE04EC0-301F-11D3-BF4B-00C04F79EFBC}") = "Kertesz", "Kertesz\Kertesz.csproj", "{55D93F3E-D9AC-4507-9806-7F1DC8A8ADEE}"
EndProject
Global
	GlobalSection(SolutionConfigurationPlatforms) = preSolution
		Debug|Any CPU = Debug|Any CPU
		Release|Any CPU = Release|Any CPU
	EndGlobalSection
	GlobalSection(ProjectConfigurationPlatforms) = postSolution
		{55D93F3E-D9AC-4507-9806-7F1DC8A8ADEE}.Debug|Any CPU.ActiveCfg = Debug|Any CPU
		{55D93F3E-D9AC-4507-9806-7F1DC8A8ADEE}.Debug|Any CPU.Build.0 = Debug|Any CPU
		{55D93F3E-D9AC-4507-9806-7F1DC8A8ADEE}.Release|Any CPU.ActiveCfg = Release|Any CPU
		{55D93F3E-D9AC-4507-9806-7F1DC8A8ADEE}.Release|Any CPU.Build.0 = Release|Any CPU
	EndGlobalSection
	GlobalSection(SolutionProperties) = preSolution
		HideSolutionNode = FALSE
	EndGlobalSection
	GlobalSection(ExtensibilityGlobals) = postSolution
		SolutionGuid = {ECCB8B2D-1939-471E-B0B5-7D394B3E87E8}
	EndGlobalSection
EndGlobal
