
Microsoft Visual Studio Solution File, Format Version 12.00
# Visual Studio Version 17
VisualStudioVersion = 17.4.33403.182
MinimumVisualStudioVersion = 10.0.40219.1
Project("{FAE04EC0-301F-11D3-BF4B-00C04F79EFBC}") = "kaktusz", "kaktusz\kaktusz.csproj", "{237B6F9E-ADAC-49E1-86EA-D2CEA6DED8BA}"
EndProject
Project("{FAE04EC0-301F-11D3-BF4B-00C04F79EFBC}") = "midparos", "midparos\midparos.csproj", "{AF25F58A-244A-4046-A086-0922255E3124}"
EndProject
Global
	GlobalSection(SolutionConfigurationPlatforms) = preSolution
		Debug|Any CPU = Debug|Any CPU
		Release|Any CPU = Release|Any CPU
	EndGlobalSection
	GlobalSection(ProjectConfigurationPlatforms) = postSolution
		{237B6F9E-ADAC-49E1-86EA-D2CEA6DED8BA}.Debug|Any CPU.ActiveCfg = Debug|Any CPU
		{237B6F9E-ADAC-49E1-86EA-D2CEA6DED8BA}.Debug|Any CPU.Build.0 = Debug|Any CPU
		{237B6F9E-ADAC-49E1-86EA-D2CEA6DED8BA}.Release|Any CPU.ActiveCfg = Release|Any CPU
		{237B6F9E-ADAC-49E1-86EA-D2CEA6DED8BA}.Release|Any CPU.Build.0 = Release|Any CPU
		{AF25F58A-244A-4046-A086-0922255E3124}.Debug|Any CPU.ActiveCfg = Debug|Any CPU
		{AF25F58A-244A-4046-A086-0922255E3124}.Debug|Any CPU.Build.0 = Debug|Any CPU
		{AF25F58A-244A-4046-A086-0922255E3124}.Release|Any CPU.ActiveCfg = Release|Any CPU
		{AF25F58A-244A-4046-A086-0922255E3124}.Release|Any CPU.Build.0 = Release|Any CPU
	EndGlobalSection
	GlobalSection(SolutionProperties) = preSolution
		HideSolutionNode = FALSE
	EndGlobalSection
	GlobalSection(ExtensibilityGlobals) = postSolution
		SolutionGuid = {884FAE1F-2742-4E71-9AB0-85E9F88B617A}
	EndGlobalSection
EndGlobal
