
Microsoft Visual Studio Solution File, Format Version 12.00
# Visual Studio Version 17
VisualStudioVersion = 17.5.33502.453
MinimumVisualStudioVersion = 10.0.40219.1
Project("{FAE04EC0-301F-11D3-BF4B-00C04F79EFBC}") = "geptermiZH_jeles", "geptermiZH_jeles\geptermiZH_jeles.csproj", "{64CEE60B-FE07-412F-A629-B1D5A34C9FAF}"
EndProject
Global
	GlobalSection(SolutionConfigurationPlatforms) = preSolution
		Debug|Any CPU = Debug|Any CPU
		Release|Any CPU = Release|Any CPU
	EndGlobalSection
	GlobalSection(ProjectConfigurationPlatforms) = postSolution
		{64CEE60B-FE07-412F-A629-B1D5A34C9FAF}.Debug|Any CPU.ActiveCfg = Debug|Any CPU
		{64CEE60B-FE07-412F-A629-B1D5A34C9FAF}.Debug|Any CPU.Build.0 = Debug|Any CPU
		{64CEE60B-FE07-412F-A629-B1D5A34C9FAF}.Release|Any CPU.ActiveCfg = Release|Any CPU
		{64CEE60B-FE07-412F-A629-B1D5A34C9FAF}.Release|Any CPU.Build.0 = Release|Any CPU
	EndGlobalSection
	GlobalSection(SolutionProperties) = preSolution
		HideSolutionNode = FALSE
	EndGlobalSection
	GlobalSection(ExtensibilityGlobals) = postSolution
		SolutionGuid = {4615C8A9-08DD-4F18-A311-FBB22AE17CB2}
	EndGlobalSection
EndGlobal
