
Microsoft Visual Studio Solution File, Format Version 12.00
# Visual Studio Version 17
VisualStudioVersion = 17.4.33403.182
MinimumVisualStudioVersion = 10.0.40219.1
Project("{FAE04EC0-301F-11D3-BF4B-00C04F79EFBC}") = "StarWars", "StarWars\StarWars.csproj", "{D04C5547-492B-474F-B29D-4F70DE36800F}"
EndProject
Global
	GlobalSection(SolutionConfigurationPlatforms) = preSolution
		Debug|Any CPU = Debug|Any CPU
		Release|Any CPU = Release|Any CPU
	EndGlobalSection
	GlobalSection(ProjectConfigurationPlatforms) = postSolution
		{D04C5547-492B-474F-B29D-4F70DE36800F}.Debug|Any CPU.ActiveCfg = Debug|Any CPU
		{D04C5547-492B-474F-B29D-4F70DE36800F}.Debug|Any CPU.Build.0 = Debug|Any CPU
		{D04C5547-492B-474F-B29D-4F70DE36800F}.Release|Any CPU.ActiveCfg = Release|Any CPU
		{D04C5547-492B-474F-B29D-4F70DE36800F}.Release|Any CPU.Build.0 = Release|Any CPU
	EndGlobalSection
	GlobalSection(SolutionProperties) = preSolution
		HideSolutionNode = FALSE
	EndGlobalSection
	GlobalSection(ExtensibilityGlobals) = postSolution
		SolutionGuid = {5E6A1D54-373C-4244-AA87-DC96DFF37250}
	EndGlobalSection
EndGlobal
