
Microsoft Visual Studio Solution File, Format Version 12.00
# Visual Studio Version 17
VisualStudioVersion = 17.3.32901.215
MinimumVisualStudioVersion = 10.0.40219.1
Project("{FAE04EC0-301F-11D3-BF4B-00C04F79EFBC}") = "PrSor", "PrSor\PrSor.csproj", "{362A03EE-4024-4D5C-A171-E1DC8D2B52DA}"
EndProject
Project("{FAE04EC0-301F-11D3-BF4B-00C04F79EFBC}") = "PrSorTest", "PrSorTest\PrSorTest.csproj", "{F1DD968F-B662-4DE2-8F03-83E9E22A6AFC}"
EndProject
Global
	GlobalSection(SolutionConfigurationPlatforms) = preSolution
		Debug|Any CPU = Debug|Any CPU
		Release|Any CPU = Release|Any CPU
	EndGlobalSection
	GlobalSection(ProjectConfigurationPlatforms) = postSolution
		{362A03EE-4024-4D5C-A171-E1DC8D2B52DA}.Debug|Any CPU.ActiveCfg = Debug|Any CPU
		{362A03EE-4024-4D5C-A171-E1DC8D2B52DA}.Debug|Any CPU.Build.0 = Debug|Any CPU
		{362A03EE-4024-4D5C-A171-E1DC8D2B52DA}.Release|Any CPU.ActiveCfg = Release|Any CPU
		{362A03EE-4024-4D5C-A171-E1DC8D2B52DA}.Release|Any CPU.Build.0 = Release|Any CPU
		{F1DD968F-B662-4DE2-8F03-83E9E22A6AFC}.Debug|Any CPU.ActiveCfg = Debug|Any CPU
		{F1DD968F-B662-4DE2-8F03-83E9E22A6AFC}.Debug|Any CPU.Build.0 = Debug|Any CPU
		{F1DD968F-B662-4DE2-8F03-83E9E22A6AFC}.Release|Any CPU.ActiveCfg = Release|Any CPU
		{F1DD968F-B662-4DE2-8F03-83E9E22A6AFC}.Release|Any CPU.Build.0 = Release|Any CPU
	EndGlobalSection
	GlobalSection(SolutionProperties) = preSolution
		HideSolutionNode = FALSE
	EndGlobalSection
	GlobalSection(ExtensibilityGlobals) = postSolution
		SolutionGuid = {D55CB541-23D6-4B8F-B603-4E54A1A7D138}
	EndGlobalSection
EndGlobal
