
Microsoft Visual Studio Solution File, Format Version 12.00
# Visual Studio Version 17
VisualStudioVersion = 17.5.33502.453
MinimumVisualStudioVersion = 10.0.40219.1
Project("{FAE04EC0-301F-11D3-BF4B-00C04F79EFBC}") = "legnagyobb_szam", "legnagyobb_szam\legnagyobb_szam.csproj", "{45B3D83B-9A56-4164-A8F1-C165076BADBB}"
EndProject
Global
	GlobalSection(SolutionConfigurationPlatforms) = preSolution
		Debug|Any CPU = Debug|Any CPU
		Release|Any CPU = Release|Any CPU
	EndGlobalSection
	GlobalSection(ProjectConfigurationPlatforms) = postSolution
		{45B3D83B-9A56-4164-A8F1-C165076BADBB}.Debug|Any CPU.ActiveCfg = Debug|Any CPU
		{45B3D83B-9A56-4164-A8F1-C165076BADBB}.Debug|Any CPU.Build.0 = Debug|Any CPU
		{45B3D83B-9A56-4164-A8F1-C165076BADBB}.Release|Any CPU.ActiveCfg = Release|Any CPU
		{45B3D83B-9A56-4164-A8F1-C165076BADBB}.Release|Any CPU.Build.0 = Release|Any CPU
	EndGlobalSection
	GlobalSection(SolutionProperties) = preSolution
		HideSolutionNode = FALSE
	EndGlobalSection
	GlobalSection(ExtensibilityGlobals) = postSolution
		SolutionGuid = {7420EFC4-056D-460D-AA52-9FAE1F527502}
	EndGlobalSection
EndGlobal
